
Microsoft Visual Studio Solution File, Format Version 12.00
# Visual Studio Version 17
VisualStudioVersion = 17.3.32929.385
MinimumVisualStudioVersion = 10.0.40219.1
Project("{FAE04EC0-301F-11D3-BF4B-00C04F79EFBC}") = "Modified Project", "Modified Project.csproj", "{435E1A98-4F59-4A6C-A61C-CD7B30E6C552}"
EndProject
Project("{FAE04EC0-301F-11D3-BF4B-00C04F79EFBC}") = "Original Project", "..\Original Project\Original Project.csproj", "{991D1490-1D1C-457C-8B26-DD001A146C8D}"
EndProject
Global
	GlobalSection(SolutionConfigurationPlatforms) = preSolution
		Debug|Any CPU = Debug|Any CPU
		Release|Any CPU = Release|Any CPU
	EndGlobalSection
	GlobalSection(ProjectConfigurationPlatforms) = postSolution
		{435E1A98-4F59-4A6C-A61C-CD7B30E6C552}.Debug|Any CPU.ActiveCfg = Debug|Any CPU
		{435E1A98-4F59-4A6C-A61C-CD7B30E6C552}.Debug|Any CPU.Build.0 = Debug|Any CPU
		{435E1A98-4F59-4A6C-A61C-CD7B30E6C552}.Release|Any CPU.ActiveCfg = Release|Any CPU
		{435E1A98-4F59-4A6C-A61C-CD7B30E6C552}.Release|Any CPU.Build.0 = Release|Any CPU
		{991D1490-1D1C-457C-8B26-DD001A146C8D}.Debug|Any CPU.ActiveCfg = Debug|Any CPU
		{991D1490-1D1C-457C-8B26-DD001A146C8D}.Debug|Any CPU.Build.0 = Debug|Any CPU
		{991D1490-1D1C-457C-8B26-DD001A146C8D}.Release|Any CPU.ActiveCfg = Release|Any CPU
		{991D1490-1D1C-457C-8B26-DD001A146C8D}.Release|Any CPU.Build.0 = Release|Any CPU
	EndGlobalSection
	GlobalSection(SolutionProperties) = preSolution
		HideSolutionNode = FALSE
	EndGlobalSection
	GlobalSection(ExtensibilityGlobals) = postSolution
		SolutionGuid = {ED21CC24-312A-4D53-BF3E-7245D5C79E3B}
	EndGlobalSection
EndGlobal
